github.com/BurntSushi/xgb v0.0.0-20160522181843-27f122750802/go.mod h1:IVnqGOEym/WlBOVXweHU+Q+/VP0lqqI8lqeDx9IjBqo=
github.com/ebitengine/gomobile v0.0.0-20260211053922-3d992dae95d1 h1:U8WldvN7/4cgo65U2fr2urv43/yhqYOK5FegFPPfI4M=
github.com/ebitengine/gomobile v0.0.0-20260211053922-3d992dae95d1/go.mod h1:J7sDBRQG9pJGMa9Z+h8l3flwk0yEKDzWeR57vA1LI5U=
github.com/emmansun/base64 v0.9.0 h1:92dLrE7iro6g/yWuPsd7M9TzJpe9fEeqKH0H7MApDtE=
github.com/emmansun/base64 v0.9.0/go.mod h1:hp0DxCkKt7bF26HOh4BzhcObvqfH1BVy2vznoGThW6Q=
github.com/fogleman/gg v1.3.0 h1:/7zJX8F6AaYQc57WQCyN9cAIz+4bCJGO9B+dyW29am8=
github.com/fogleman/gg v1.3.0/go.mod h1:R/bRT+9gY/C5z7JzPU0zXsXHKM4/ayA+zqcVNZzPa1k=
github.com/go-webgpu/webgpu v0.5.5 h1:pIrXzRg0LRlNjNmR+ZNo/ERN88YaObzbCY5oYhir5SA=
github.com/go-webgpu/webgpu v0.5.5/go.mod h1:vgIuNTa1UlZ4njCGY6Pmp/0c5T5o2Ml2fQ0znLc7B98=
github.com/gogpu/gg v0.52.3 h1:ID9lJOm0J1zlgpo/dPwgsGWBkXyXwZwlfKaCJOp4LBQ=
github.com/gogpu/gg v0.52.3/go.mod h1:2rjKl5sCJZEFmxq1sXEf+mYGEWYgCNKltg4aJEFGeCM=
github.com/gogpu/gogpu v0.53.0 h1:V+HMU+tJxw34LlfNzstUqXD9eXmyhrrBNmnrWxXR+o0=
github.com/gogpu/gogpu v0.53.0/go.mod h1:pUqsHA1Lo5qi4SNBYuJ1fyMqnwWMn3APHx6K63S3+mc=
github.com/gogpu/gpucontext v0.28.0 h1:W27+0PRnHLVRscDJ2L6r4B1JlaKjlV/EmL0Wxx8vGIc=
github.com/gogpu/gpucontext v0.28.0/go.mod h1:5rpKj+DpixgAFm8ArBXFXOZQRbeJSFncVMsqyyA9Rhc=
github.com/gogpu/gputypes v0.5.2 h1:3sbKI0+XW36Ekd3d4QhkbpdY7gbgMVgp8Q4+ZNdGhtE=
github.com/gogpu/gputypes v0.5.2/go.mod h1:cnXrDMwTpWTvJLW1Vreop3PcT6a2YP/i3s91rPaOavw=
github.com/gogpu/naga v0.18.0 h1:2y83HUcAnlwEZMuHOiYTMdNYM9J8rev40gkI4zJ96Uk=
github.com/gogpu/naga v0.18.0/go.mod h1:15sQaHKkbqXcwTN+hHYGLsA0WBBnkmYzne/eF5p5WEg=
github.com/gogpu/wgpu v0.31.4 h1:xSwVJuew9RyJsA9cjdw2plzCGyFjCcpq5MstCM+S1N0=
github.com/gogpu/wgpu v0.31.4/go.mod h1:r8z3uZOyjl95KXN1eyMxFnwwPMZ0yuBFrLFi8v37QGY=
github.com/golang/freetype v0.0.0-20170609003504-e2365dfdc4a0 h1:DACJavvAHhabrF08vX0COfcOBJRhZ8lUbR+ZWIs0Y5g=
github.com/golang/freetype v0.0.0-20170609003504-e2365dfdc4a0/go.mod h1:E/TSTwGwJL78qG/PmXZO1EjYhfJinVAhrmmHX6Z8B9k=
github.com/hajimehoshi/ebiten/v2 v2.10.0-alpha.13.0.20260811162617-464c2ddfc34c h1:bPy42WaGmiQF8UNatzbo9zwykOotmxgMQ64u6vL9VOs=
github.com/hajimehoshi/ebiten/v2 v2.10.0-alpha.13.0.20260811162617-464c2ddfc34c/go.mod h1:HVThpJ0hC7tMueY1sEiFneM9Q+vrdUK3LPRZmrkb/mc=
github.com/jezek/xgb v1.3.1 h1:NQCAEfQyzN+3RjWUSHBuVIxQcy2YfG3/mNvKfs/0rEg=
github.com/jezek/xgb v1.3.1/go.mod h1:nrhwO0FX/enq75I7Y7G8iN1ubpSGZEiA3v9e9GyRFlk=
github.com/mattn/go-runewidth v0.0.15 h1:UNAjwbU9l54TA3KzvqLGxwWjHmMgBUVhBiTjelZgg3U=
github.com/mattn/go-runewidth v0.0.15/go.mod h1:Jdepj2loyihRzMpdS35Xk/zdY8IAYHsh153qUoGf23w=
github.com/neurlang/winc v0.1.2 h1:A3ke70Z7wfk3IKtLRnosKHhNPI6tSt3oG9XTx7lauFU=
github.com/neurlang/winc v0.1.2/go.mod h1:M3RhPpObvIhmGBJtjVAlCUke88Bf4qAhu9kHqpCkqNA=
github.com/rivo/uniseg v0.2.0 h1:S1pD9weZBuJdFmowNwbpi7BJ8TNftyUImj/0WQi72jY=
github.com/rivo/uniseg v0.2.0/go.mod h1:J6wj4VEh+S6ZtnVlnTBMWIodfgj8LQOQFoIToxlJtxc=
github.com/soniakeys/quant v1.0.0 h1:N1um9ktjbkZVcywBVAAYpZYSHxEfJGzshHCxx/DaI0Y=
github.com/soniakeys/quant v1.0.0/go.mod h1:HI1k023QuVbD4H8i9YdfZP2munIHU4QpjsImz6Y6zds=
github.com/spaolacci/murmur3 v1.1.0 h1:7c1g84S4BPRrfL5Xrdp6fOJ206sU9y293DDHaoy0bLI=
github.com/spaolacci/murmur3 v1.1.0/go.mod h1:JwIasOWyU6f++ZhiEuf87xNszmSA2myDM2Kzu9HwQUA=
github.com/unxed/goclip v0.1.2 h1:1O9K+iCxa8P43yxpjrk4HyakcFqcbHSi4qJD9IzLuZU=
github.com/unxed/goclip v0.1.2/go.mod h1:YXy03ByNfbeu4lRrUL09VyJX9U4WD6h/0JiqMuu8vUE=
github.com/unxed/goffi v0.1.8 h1:7gOqj8p88uanqtIWfAl72Mf/JF4i6n5Ke0M4RgiHJLA=
github.com/unxed/goffi v0.1.8/go.mod h1:5yfNuseCh+0XTe9cbg8lGtZtOA12DU+Nm9Vfp6IDnFo=
github.com/unxed/keytrans v0.1.33 h1:tW+nWhd6GKLc0xEKDhtqb2Cehu/RA2JPZ+6EkBb/fvA=
github.com/unxed/keytrans v0.1.33/go.mod h1:rBB4IN6grB7BjyRuNmy8Kxlsu1P6Nf4pchLHvPmFpGg=
github.com/unxed/kiwi-go v0.1.0 h1:JTZb5mZSrzevswnL3OxCgN8oODkbPLHX7LXxJnpJ9YU=
github.com/unxed/kiwi-go v0.1.0/go.mod h1:9nseXE0X7yf8SPvY4N2KOD2FiPwa+uNBDztt1kqf0aY=
github.com/unxed/pureffi v0.1.19 h1:ABOlYiXYOUfp4OtCi2pDcCJE8zsuximIsFlP8VJjtnI=
github.com/unxed/pureffi v0.1.19/go.mod h1:c0oscxMMVH2fP90dNoW5jl6g1GAhoKJJc0/EJ2cH2xE=
github.com/unxed/vtinput v0.1.7 h1:rUrAwJOhS0BuRA9V94ZGEVS0r6dKSKoknygSgiyrYO8=
github.com/unxed/vtinput v0.1.7/go.mod h1:ZOqbBmEzYb33FrwsJf0y1QSJLo378ciXEgZWD4cTqGU=
github.com/unxed/wayland v0.0.0-20260904142929-d13d49067138 h1:5wngwWulp+xQ/kxMwlhQuTYUO7IYH1GPPTDwE6AFFdY=
github.com/unxed/wayland v0.0.0-20260904142929-d13d49067138/go.mod h1:ZPUsmrcHQDH9q26qvwrrlCJpo4HjfNiAZvbbWrLMMBo=
github.com/unxed/winkeys v0.1.1 h1:CeRhzQLrZtO2aVq8C8gPX1ySdbbvPombbUZ15cRjFTI=
github.com/unxed/winkeys v0.1.1/go.mod h1:eCDbEJFdYcii0Fd4O9u+CAqjJ4SkkhWDkhikNFwBCd4=
github.com/unxed/xkb-go v0.1.8 h1:hqPI2wJw2LQ7YOqghNYat/TJF3pFamCCPjhxI5I3lhU=
github.com/unxed/xkb-go v0.1.8/go.mod h1:V3LaLLiIMPBQCGnPfTYN8gER39XW26AZBYeXkkZ/GWQ=
github.com/yalue/native_endian v1.0.2 h1:e4SxBbaCoOOO4E3axd7FSriUhzc1bIzqZGG5jl6Evbg=
github.com/yalue/native_endian v1.0.2/go.mod h1:cr+I2WnCwDkkPV0DvgBpGQkJV12CDWR5bAoMtT+56iE=
github.com/zzl/go-win32api/v2 v2.1.0 h1:BwXsEl3iycRhG4lpe3JsnNACyQH/U7RTBhJwyCaIB/g=
github.com/zzl/go-win32api/v2 v2.1.0/go.mod h1:doi6ewHPdh9tDmqe837Ro7IwqtB9yE+1fC8suK/Ssj0=
golang.design/x/clipboard v0.7.0 h1:4Je8M/ys9AJumVnl8m+rZnIvstSnYj1fvzqYrU3TXvo=
golang.design/x/clipboard v0.7.0/go.mod h1:PQIvqYO9GP29yINEfsEn5zSQKAz3UgXmZKzDA6dnq2E=
golang.org/x/crypto v0.0.0-20190308221718-c2843e01d9a2/go.mod h1:djNgcEr1/C05ACkg1iLfiJU5Ep61QUkGW8qpdssI0+w=
golang.org/x/crypto v0.0.0-20190510104115-cbcb75029529/go.mod h1:yigFU9vqHzYiE8UmvKecakEJjdnWj3jj499lnFckfCI=
golang.org/x/exp v0.0.0-20190731235908-ec7cb31e5a56 h1:estk1glOnSVeJ9tdEZZc5mAMDZk5lNJNyJ6DvrBkTEU=
golang.org/x/exp v0.0.0-20190731235908-ec7cb31e5a56/go.mod h1:JhuoJpWY28nO4Vef9tZUw9qufEGTyX1+7lmHxV5q5G4=
golang.org/x/image v0.0.0-20190227222117-0694c2d4d067/go.mod h1:kZ7UVZpmo3dzQBMxlp+ypCbDeSB+sBbTgSJuh5dn5js=
golang.org/x/image v0.45.0 h1:FMb1nTbH5H9vF55SriQHgFw5GnNL9Jg6L25BwXKzhB0=
golang.org/x/image v0.45.0/go.mod h1:n62x/7RqlwXDvGsSU4u6IUTUf6KghUZ9Bt7cG/T9Fx4=
golang.org/x/mobile v0.0.0-20190312151609-d3739f865fa6/go.mod h1:z+o9i4GpDbdi3rU15maQ/Ox0txvL9dWGYEHz965HBQE=
golang.org/x/mobile v0.0.0-20230301163155-e0f57694e12c h1:Gk61ECugwEHL6IiyyNLXNzmu8XslmRP2dS0xjIYhbb4=
golang.org/x/mobile v0.0.0-20230301163155-e0f57694e12c/go.mod h1:aAjjkJNdrh3PMckS4B10TGS2nag27cbKR1y2BpUxsiY=
golang.org/x/mod v0.1.0/go.mod h1:0QHyrYULN0/3qlju5TqG8bIK38QM8yzMo5ekMj3DlcY=
golang.org/x/net v0.0.0-20190311183353-d8887717615a/go.mod h1:t9HGtf8HONx5eT2rtn7q6eTqICYqUVnKs3thJo3Qplg=
golang.org/x/net v0.0.0-20190404232315-eb5bcb51f2a3/go.mod h1:t9HGtf8HONx5eT2rtn7q6eTqICYqUVnKs3thJo3Qplg=
golang.org/x/sync v0.22.0 h1:SZjpbeLmrCk4xhRSZFNZW5gFUeCeFgjekvI/+gfScek=
golang.org/x/sync v0.22.0/go.mod h1:9xrNwdLfx4jkKbNva9FpL6vEN7evnE43NNNJQ2LF3+0=
golang.org/x/sys v0.0.0-20190215142949-d0b11bdaac8a/go.mod h1:STP8DvDyc/dI5b8T5hshtkjS+E42TnysNCUPdjciGhY=
golang.org/x/sys v0.0.0-20190412213103-97732733099d/go.mod h1:h1NjWce9XRLGQEsW7wpKNCjG9DtNlClVuFLEZdDNbEs=
golang.org/x/sys v0.47.0 h1:o7XGOvZQCADBQQ4Y7VNq2dRWQR7JmOUW8Kxx4ZsNgWs=
golang.org/x/sys v0.47.0/go.mod h1:4GL1E5IUh+htKOUEOaiffhrAeqysfVGipDYzABqnCmw=
golang.org/x/term v0.40.0 h1:36e4zGLqU4yhjlmxEaagx2KuYbJq3EwY8K943ZsHcvg=
golang.org/x/term v0.40.0/go.mod h1:w2P8uVp06p2iyKKuvXIm7N/y0UCRt3UfJTfZ7oOpglM=
golang.org/x/text v0.3.0/go.mod h1:NqM8EUOU14njkJ3fqMW+pc6Ldnwhi/IjpwHt7yyuwOQ=
golang.org/x/text v0.41.0 h1:vz/seA0lnX87Othu2f/0L24RcgrXD9/YFTSuGjj3rH8=
golang.org/x/text v0.41.0/go.mod h1:jvf1O8ajNzZqhSrQBPbutR/EB83Cc0CFrezNQIwbb5M=
golang.org/x/tools v0.0.0-20190312151545-0bb0c0a6e846/go.mod h1:LCzVGOaR6xXOjkQ3onu1FJEFr0SW1gC7cKk1uF8kGRs=
